<?xml version="1.0" encoding="utf-8"?>
<Project ToolsVersion="4.0" xmlns="http://schemas.microsoft.com/developer/msbuild/2003">
  <ItemGroup>
    <Filter Include="src">
      <UniqueIdentifier>{14453cf4-a6fd-4b04-a3fe-61ca1dd966c9}</UniqueIdentifier>
    </Filter>
    <Filter Include="src\header">
      <UniqueIdentifier>{afd3bb35-35ca-4a18-bed1-0d65d39ac0bd}</UniqueIdentifier>
    </Filter>
    <Filter Include="src\cpp">
      <UniqueIdentifier>{e05f4b1b-af84-4188-bc28-b216a87d17c0}</UniqueIdentifier>
    </Filter>
  </ItemGroup>
  <ItemGroup>
    <ClInclude Include="header\ElementL.h">
      <Filter>src\header</Filter>
    </ClInclude>
    <ClInclude Include="header\ElementTD.h">
      <Filter>src\header</Filter>
    </ClInclude>
    <ClInclude Include="header\File.h">
      <Filter>src\header</Filter>
    </ClInclude>
    <ClInclude Include="header\Pile.h">
      <Filter>src\header</Filter>
    </ClInclude>
    <ClInclude Include="header\Liste.h">
      <Filter>src\header</Filter>
    </ClInclude>
    <ClInclude Include="header\TableauDynamique.h">
      <Filter>src\header</Filter>
    </ClInclude>
  </ItemGroup>
  <ItemGroup>
    <ClCompile Include="cpp\ElementL.cpp">
      <Filter>src\cpp</Filter>
    </ClCompile>
    <ClCompile Include="cpp\ElementTD.cpp">
      <Filter>src\cpp</Filter>
    </ClCompile>
    <ClCompile Include="cpp\Liste.cpp">
      <Filter>src\cpp</Filter>
    </ClCompile>
    <ClCompile Include="cpp\Main.cpp">
      <Filter>src\cpp</Filter>
    </ClCompile>
    <ClCompile Include="cpp\Pile.cpp">
      <Filter>src\cpp</Filter>
    </ClCompile>
    <ClCompile Include="cpp\File.cpp">
      <Filter>src\cpp</Filter>
    </ClCompile>
    <ClCompile Include="cpp\TableauDynamique.cpp">
      <Filter>src\cpp</Filter>
    </ClCompile>
  </ItemGroup>
</Project>